
Microsoft Visual Studio Solution File, Format Version 12.00
Project("{FAE04EC0-301F-11D3-BF4B-00C04F79EFBC}") = "Scraper", "Scraper\Scraper.csproj", "{51AE7BC1-E98B-4891-8069-412ACFB84163}"
EndProject
Project("{FAE04EC0-301F-11D3-BF4B-00C04F79EFBC}") = "Parser", "Parser\Parser.csproj", "{59D718D4-2DB6-407B-9E56-0A36FEF93097}"
EndProject
Project("{2150E333-8FDC-42A3-9474-1A3956D46DE8}") = "Infrastructure", "Infrastructure", "{8774F36C-1786-4B90-BF09-3641061F00C3}"
EndProject
Project("{FAE04EC0-301F-11D3-BF4B-00C04F79EFBC}") = "WeatherInfo", "WeatherInfo\WeatherInfo.csproj", "{2EBC58E9-8C57-4A1E-AFA7-1D00C89A88AF}"
EndProject
Project("{2150E333-8FDC-42A3-9474-1A3956D46DE8}") = "Modules", "Modules", "{3C010D77-9566-438E-9F2F-54211877F642}"
EndProject
Project("{FAE04EC0-301F-11D3-BF4B-00C04F79EFBC}") = "HistoricalWeatherInfoAPI", "HistoricalWeatherInfoAPI\HistoricalWeatherInfoAPI.csproj", "{A6702470-92EA-480F-883F-8BA4F6924145}"
EndProject
Project("{FAE04EC0-301F-11D3-BF4B-00C04F79EFBC}") = "ScraperApp", "ScraperApp\ScraperApp.csproj", "{35308BC0-4759-4F69-A70F-559E0A383BB5}"
EndProject
Project("{FAE04EC0-301F-11D3-BF4B-00C04F79EFBC}") = "Utils", "Utils\Utils.csproj", "{A72BABBC-ACE5-42FE-A757-A0773891B327}"
EndProject
Project("{FAE04EC0-301F-11D3-BF4B-00C04F79EFBC}") = "Downloader", "Downloader\Downloader.csproj", "{9206CEE3-3E32-4EFE-9405-F184A6090D32}"
EndProject
Global
	GlobalSection(SolutionConfigurationPlatforms) = preSolution
		Debug|Any CPU = Debug|Any CPU
		Release|Any CPU = Release|Any CPU
	EndGlobalSection
	GlobalSection(ProjectConfigurationPlatforms) = postSolution
		{51AE7BC1-E98B-4891-8069-412ACFB84163}.Debug|Any CPU.ActiveCfg = Debug|Any CPU
		{51AE7BC1-E98B-4891-8069-412ACFB84163}.Debug|Any CPU.Build.0 = Debug|Any CPU
		{51AE7BC1-E98B-4891-8069-412ACFB84163}.Release|Any CPU.ActiveCfg = Release|Any CPU
		{51AE7BC1-E98B-4891-8069-412ACFB84163}.Release|Any CPU.Build.0 = Release|Any CPU
		{59D718D4-2DB6-407B-9E56-0A36FEF93097}.Debug|Any CPU.ActiveCfg = Debug|Any CPU
		{59D718D4-2DB6-407B-9E56-0A36FEF93097}.Debug|Any CPU.Build.0 = Debug|Any CPU
		{59D718D4-2DB6-407B-9E56-0A36FEF93097}.Release|Any CPU.ActiveCfg = Release|Any CPU
		{59D718D4-2DB6-407B-9E56-0A36FEF93097}.Release|Any CPU.Build.0 = Release|Any CPU
		{2EBC58E9-8C57-4A1E-AFA7-1D00C89A88AF}.Debug|Any CPU.ActiveCfg = Debug|Any CPU
		{2EBC58E9-8C57-4A1E-AFA7-1D00C89A88AF}.Debug|Any CPU.Build.0 = Debug|Any CPU
		{2EBC58E9-8C57-4A1E-AFA7-1D00C89A88AF}.Release|Any CPU.ActiveCfg = Release|Any CPU
		{2EBC58E9-8C57-4A1E-AFA7-1D00C89A88AF}.Release|Any CPU.Build.0 = Release|Any CPU
		{A6702470-92EA-480F-883F-8BA4F6924145}.Debug|Any CPU.ActiveCfg = Debug|Any CPU
		{A6702470-92EA-480F-883F-8BA4F6924145}.Debug|Any CPU.Build.0 = Debug|Any CPU
		{A6702470-92EA-480F-883F-8BA4F6924145}.Release|Any CPU.ActiveCfg = Release|Any CPU
		{A6702470-92EA-480F-883F-8BA4F6924145}.Release|Any CPU.Build.0 = Release|Any CPU
		{35308BC0-4759-4F69-A70F-559E0A383BB5}.Debug|Any CPU.ActiveCfg = Debug|Any CPU
		{35308BC0-4759-4F69-A70F-559E0A383BB5}.Debug|Any CPU.Build.0 = Debug|Any CPU
		{35308BC0-4759-4F69-A70F-559E0A383BB5}.Release|Any CPU.ActiveCfg = Release|Any CPU
		{35308BC0-4759-4F69-A70F-559E0A383BB5}.Release|Any CPU.Build.0 = Release|Any CPU
		{A72BABBC-ACE5-42FE-A757-A0773891B327}.Debug|Any CPU.ActiveCfg = Debug|Any CPU
		{A72BABBC-ACE5-42FE-A757-A0773891B327}.Debug|Any CPU.Build.0 = Debug|Any CPU
		{A72BABBC-ACE5-42FE-A757-A0773891B327}.Release|Any CPU.ActiveCfg = Release|Any CPU
		{A72BABBC-ACE5-42FE-A757-A0773891B327}.Release|Any CPU.Build.0 = Release|Any CPU
		{9206CEE3-3E32-4EFE-9405-F184A6090D32}.Debug|Any CPU.ActiveCfg = Debug|Any CPU
		{9206CEE3-3E32-4EFE-9405-F184A6090D32}.Debug|Any CPU.Build.0 = Debug|Any CPU
		{9206CEE3-3E32-4EFE-9405-F184A6090D32}.Release|Any CPU.ActiveCfg = Release|Any CPU
		{9206CEE3-3E32-4EFE-9405-F184A6090D32}.Release|Any CPU.Build.0 = Release|Any CPU
	EndGlobalSection
	GlobalSection(NestedProjects) = preSolution
		{59D718D4-2DB6-407B-9E56-0A36FEF93097} = {8774F36C-1786-4B90-BF09-3641061F00C3}
		{51AE7BC1-E98B-4891-8069-412ACFB84163} = {8774F36C-1786-4B90-BF09-3641061F00C3}
		{2EBC58E9-8C57-4A1E-AFA7-1D00C89A88AF} = {3C010D77-9566-438E-9F2F-54211877F642}
		{35308BC0-4759-4F69-A70F-559E0A383BB5} = {8774F36C-1786-4B90-BF09-3641061F00C3}
		{A72BABBC-ACE5-42FE-A757-A0773891B327} = {8774F36C-1786-4B90-BF09-3641061F00C3}
		{9206CEE3-3E32-4EFE-9405-F184A6090D32} = {8774F36C-1786-4B90-BF09-3641061F00C3}
	EndGlobalSection
EndGlobal
